
Microsoft Visual Studio Solution File, Format Version 12.00
# Visual Studio 15
VisualStudioVersion = 15.0.27004.2009
MinimumVisualStudioVersion = 10.0.40219.1
Project("{FAE04EC0-301F-11D3-BF4B-00C04F79EFBC}") = "CellPhonesShowRoom", "CellPhonesShowRoom\CellPhonesShowRoom.csproj", "{ED63FB96-2A8C-49F4-B438-7915E44781EF}"
EndProject
Global
	GlobalSection(SolutionConfigurationPlatforms) = preSolution
		Debug|Any CPU = Debug|Any CPU
		Release|Any CPU = Release|Any CPU
	EndGlobalSection
	GlobalSection(ProjectConfigurationPlatforms) = postSolution
		{ED63FB96-2A8C-49F4-B438-7915E44781EF}.Debug|Any CPU.ActiveCfg = Debug|Any CPU
		{ED63FB96-2A8C-49F4-B438-7915E44781EF}.Debug|Any CPU.Build.0 = Debug|Any CPU
		{ED63FB96-2A8C-49F4-B438-7915E44781EF}.Release|Any CPU.ActiveCfg = Release|Any CPU
		{ED63FB96-2A8C-49F4-B438-7915E44781EF}.Release|Any CPU.Build.0 = Release|Any CPU
	EndGlobalSection
	GlobalSection(SolutionProperties) = preSolution
		HideSolutionNode = FALSE
	EndGlobalSection
	GlobalSection(ExtensibilityGlobals) = postSolution
		SolutionGuid = {FA961F99-FD9D-41DF-A30A-A371B793FDB1}
	EndGlobalSection
EndGlobal
