
Microsoft Visual Studio Solution File, Format Version 12.00
# Visual Studio 15
VisualStudioVersion = 15.0.27004.2009
MinimumVisualStudioVersion = 10.0.40219.1
Project("{FAE04EC0-301F-11D3-BF4B-00C04F79EFBC}") = "PrimeNumbers", "PrimeNumbers\PrimeNumbers.csproj", "{8904D5DD-8999-4161-BFB1-B3ED66B04E9D}"
EndProject
Project("{FAE04EC0-301F-11D3-BF4B-00C04F79EFBC}") = "BillingSystem", "BillingSystem\BillingSystem.csproj", "{55D990C6-0B5A-4D13-BC9E-2E5C53B3B978}"
EndProject
Global
	GlobalSection(SolutionConfigurationPlatforms) = preSolution
		Debug|Any CPU = Debug|Any CPU
		Release|Any CPU = Release|Any CPU
	EndGlobalSection
	GlobalSection(ProjectConfigurationPlatforms) = postSolution
		{8904D5DD-8999-4161-BFB1-B3ED66B04E9D}.Debug|Any CPU.ActiveCfg = Debug|Any CPU
		{8904D5DD-8999-4161-BFB1-B3ED66B04E9D}.Debug|Any CPU.Build.0 = Debug|Any CPU
		{8904D5DD-8999-4161-BFB1-B3ED66B04E9D}.Release|Any CPU.ActiveCfg = Release|Any CPU
		{8904D5DD-8999-4161-BFB1-B3ED66B04E9D}.Release|Any CPU.Build.0 = Release|Any CPU
		{55D990C6-0B5A-4D13-BC9E-2E5C53B3B978}.Debug|Any CPU.ActiveCfg = Debug|Any CPU
		{55D990C6-0B5A-4D13-BC9E-2E5C53B3B978}.Debug|Any CPU.Build.0 = Debug|Any CPU
		{55D990C6-0B5A-4D13-BC9E-2E5C53B3B978}.Release|Any CPU.ActiveCfg = Release|Any CPU
		{55D990C6-0B5A-4D13-BC9E-2E5C53B3B978}.Release|Any CPU.Build.0 = Release|Any CPU
	EndGlobalSection
	GlobalSection(SolutionProperties) = preSolution
		HideSolutionNode = FALSE
	EndGlobalSection
	GlobalSection(ExtensibilityGlobals) = postSolution
		SolutionGuid = {C575D6CE-6E1C-4A81-B823-B19FE6EF4AAA}
	EndGlobalSection
EndGlobal
