
Microsoft Visual Studio Solution File, Format Version 12.00
# Visual Studio 15
VisualStudioVersion = 15.0.27004.2009
MinimumVisualStudioVersion = 10.0.40219.1
Project("{FAE04EC0-301F-11D3-BF4B-00C04F79EFBC}") = "CarManufacturer", "CarManufacturer\CarManufacturer.csproj", "{EE4A7331-E877-4F7C-A845-565CB490FA1B}"
EndProject
Project("{FAE04EC0-301F-11D3-BF4B-00C04F79EFBC}") = "OnlineOrdering", "OnlineOrdering\OnlineOrdering.csproj", "{D754B868-7BDE-4B50-AC4A-B876E85149B9}"
EndProject
Project("{FAE04EC0-301F-11D3-BF4B-00C04F79EFBC}") = "EmailSender", "EmailSender\EmailSender.csproj", "{C7800921-AA0B-4618-A567-9583EF3D453A}"
EndProject
Global
	GlobalSection(SolutionConfigurationPlatforms) = preSolution
		Debug|Any CPU = Debug|Any CPU
		Release|Any CPU = Release|Any CPU
	EndGlobalSection
	GlobalSection(ProjectConfigurationPlatforms) = postSolution
		{EE4A7331-E877-4F7C-A845-565CB490FA1B}.Debug|Any CPU.ActiveCfg = Debug|Any CPU
		{EE4A7331-E877-4F7C-A845-565CB490FA1B}.Debug|Any CPU.Build.0 = Debug|Any CPU
		{EE4A7331-E877-4F7C-A845-565CB490FA1B}.Release|Any CPU.ActiveCfg = Release|Any CPU
		{EE4A7331-E877-4F7C-A845-565CB490FA1B}.Release|Any CPU.Build.0 = Release|Any CPU
		{D754B868-7BDE-4B50-AC4A-B876E85149B9}.Debug|Any CPU.ActiveCfg = Debug|Any CPU
		{D754B868-7BDE-4B50-AC4A-B876E85149B9}.Debug|Any CPU.Build.0 = Debug|Any CPU
		{D754B868-7BDE-4B50-AC4A-B876E85149B9}.Release|Any CPU.ActiveCfg = Release|Any CPU
		{D754B868-7BDE-4B50-AC4A-B876E85149B9}.Release|Any CPU.Build.0 = Release|Any CPU
		{C7800921-AA0B-4618-A567-9583EF3D453A}.Debug|Any CPU.ActiveCfg = Debug|Any CPU
		{C7800921-AA0B-4618-A567-9583EF3D453A}.Debug|Any CPU.Build.0 = Debug|Any CPU
		{C7800921-AA0B-4618-A567-9583EF3D453A}.Release|Any CPU.ActiveCfg = Release|Any CPU
		{C7800921-AA0B-4618-A567-9583EF3D453A}.Release|Any CPU.Build.0 = Release|Any CPU
	EndGlobalSection
	GlobalSection(SolutionProperties) = preSolution
		HideSolutionNode = FALSE
	EndGlobalSection
	GlobalSection(ExtensibilityGlobals) = postSolution
		SolutionGuid = {C752C768-FFAE-4680-BBEB-D4EA95F09D6C}
	EndGlobalSection
EndGlobal
