
Microsoft Visual Studio Solution File, Format Version 12.00
# Visual Studio 15
VisualStudioVersion = 15.0.27004.2009
MinimumVisualStudioVersion = 10.0.40219.1
Project("{FAE04EC0-301F-11D3-BF4B-00C04F79EFBC}") = "CalculoPrestacao", "CalculoPrestacao\CalculoPrestacao.csproj", "{F9963565-B070-472A-9443-39DC615D2310}"
EndProject
Project("{FAE04EC0-301F-11D3-BF4B-00C04F79EFBC}") = "DataExporterSimulator", "DataExporterSimulator\DataExporterSimulator.csproj", "{B66B7FBD-34FB-4C08-B68A-58115878D379}"
EndProject
Project("{FAE04EC0-301F-11D3-BF4B-00C04F79EFBC}") = "HiringProcessSimulator", "HiringProcessSimulator\HiringProcessSimulator.csproj", "{1EF21069-A836-4463-AF55-A1A5A3FA8419}"
EndProject
Project("{FAE04EC0-301F-11D3-BF4B-00C04F79EFBC}") = "DataFileProcessing", "DataFileProcessing\DataFileProcessing.csproj", "{5F1CB2E9-0493-4690-BB20-6D279ED9916D}"
EndProject
Global
	GlobalSection(SolutionConfigurationPlatforms) = preSolution
		Debug|Any CPU = Debug|Any CPU
		Release|Any CPU = Release|Any CPU
	EndGlobalSection
	GlobalSection(ProjectConfigurationPlatforms) = postSolution
		{F9963565-B070-472A-9443-39DC615D2310}.Debug|Any CPU.ActiveCfg = Debug|Any CPU
		{F9963565-B070-472A-9443-39DC615D2310}.Debug|Any CPU.Build.0 = Debug|Any CPU
		{F9963565-B070-472A-9443-39DC615D2310}.Release|Any CPU.ActiveCfg = Release|Any CPU
		{F9963565-B070-472A-9443-39DC615D2310}.Release|Any CPU.Build.0 = Release|Any CPU
		{B66B7FBD-34FB-4C08-B68A-58115878D379}.Debug|Any CPU.ActiveCfg = Debug|Any CPU
		{B66B7FBD-34FB-4C08-B68A-58115878D379}.Debug|Any CPU.Build.0 = Debug|Any CPU
		{B66B7FBD-34FB-4C08-B68A-58115878D379}.Release|Any CPU.ActiveCfg = Release|Any CPU
		{B66B7FBD-34FB-4C08-B68A-58115878D379}.Release|Any CPU.Build.0 = Release|Any CPU
		{1EF21069-A836-4463-AF55-A1A5A3FA8419}.Debug|Any CPU.ActiveCfg = Debug|Any CPU
		{1EF21069-A836-4463-AF55-A1A5A3FA8419}.Debug|Any CPU.Build.0 = Debug|Any CPU
		{1EF21069-A836-4463-AF55-A1A5A3FA8419}.Release|Any CPU.ActiveCfg = Release|Any CPU
		{1EF21069-A836-4463-AF55-A1A5A3FA8419}.Release|Any CPU.Build.0 = Release|Any CPU
		{5F1CB2E9-0493-4690-BB20-6D279ED9916D}.Debug|Any CPU.ActiveCfg = Debug|Any CPU
		{5F1CB2E9-0493-4690-BB20-6D279ED9916D}.Debug|Any CPU.Build.0 = Debug|Any CPU
		{5F1CB2E9-0493-4690-BB20-6D279ED9916D}.Release|Any CPU.ActiveCfg = Release|Any CPU
		{5F1CB2E9-0493-4690-BB20-6D279ED9916D}.Release|Any CPU.Build.0 = Release|Any CPU
	EndGlobalSection
	GlobalSection(SolutionProperties) = preSolution
		HideSolutionNode = FALSE
	EndGlobalSection
	GlobalSection(ExtensibilityGlobals) = postSolution
		SolutionGuid = {EFF80BB3-9C38-44B4-A206-843C7D6DE4E4}
	EndGlobalSection
EndGlobal
